
Microsoft Visual Studio Solution File, Format Version 12.00
# Visual Studio 15
VisualStudioVersion = 15.0.27004.2010
MinimumVisualStudioVersion = 10.0.40219.1
Project("{FAE04EC0-301F-11D3-BF4B-00C04F79EFBC}") = "Poker", "Poker\Poker.csproj", "{33F74377-D921-4F64-92EB-8BABF8978F73}"
EndProject
Project("{FAE04EC0-301F-11D3-BF4B-00C04F79EFBC}") = "Server", "Server\Server.csproj", "{E32D1AC8-F9A3-4940-8AED-8409F6DBEB27}"
EndProject
Global
	GlobalSection(SolutionConfigurationPlatforms) = preSolution
		Debug|Any CPU = Debug|Any CPU
		Release|Any CPU = Release|Any CPU
	EndGlobalSection
	GlobalSection(ProjectConfigurationPlatforms) = postSolution
		{33F74377-D921-4F64-92EB-8BABF8978F73}.Debug|Any CPU.ActiveCfg = Debug|Any CPU
		{33F74377-D921-4F64-92EB-8BABF8978F73}.Debug|Any CPU.Build.0 = Debug|Any CPU
		{33F74377-D921-4F64-92EB-8BABF8978F73}.Release|Any CPU.ActiveCfg = Release|Any CPU
		{33F74377-D921-4F64-92EB-8BABF8978F73}.Release|Any CPU.Build.0 = Release|Any CPU
		{E32D1AC8-F9A3-4940-8AED-8409F6DBEB27}.Debug|Any CPU.ActiveCfg = Debug|Any CPU
		{E32D1AC8-F9A3-4940-8AED-8409F6DBEB27}.Debug|Any CPU.Build.0 = Debug|Any CPU
		{E32D1AC8-F9A3-4940-8AED-8409F6DBEB27}.Release|Any CPU.ActiveCfg = Release|Any CPU
		{E32D1AC8-F9A3-4940-8AED-8409F6DBEB27}.Release|Any CPU.Build.0 = Release|Any CPU
	EndGlobalSection
	GlobalSection(SolutionProperties) = preSolution
		HideSolutionNode = FALSE
	EndGlobalSection
	GlobalSection(ExtensibilityGlobals) = postSolution
		SolutionGuid = {9EBAF6FF-9318-4259-BC94-7ED02ECDC6F6}
	EndGlobalSection
EndGlobal
